{
  "name": "hsmilehtml5",
  "version": "1.0.0",
  "lockfileVersion": 1,
  "requires": true,
  "dependencies": {
    "@pixi/accessibility": {
      "version": "5.4.0-rc.3",
      "resolved": "https://registry.npmjs.org/@pixi/accessibility/-/accessibility-5.4.0-rc.3.tgz",
      "integrity": "sha512-1M4IrXqRPsrWyKei7WzgsRjIQHjQrv2ZOvmdAFNlAgER3VTqV+D2waLlX6NQ5pxnkBEQw5eW5yns0pNdXQOQaQ==",
      "requires": {
        "@pixi/core": "5.4.0-rc.3",
        "@pixi/display": "5.4.0-rc.3",
        "@pixi/utils": "5.4.0-rc.3"
      }
    },
    "@pixi/app": {
      "version": "5.4.0-rc.3",
      "resolved": "https://registry.npmjs.org/@pixi/app/-/app-5.4.0-rc.3.tgz",
      "integrity": "sha512-CZ8/hcqPFsxWqUSxmkV/RxtdnAldxDLEsUH0Tgm+Ay+Jz8Ky+pfLDoFk+MQ49dxh937GkH5cqqvhgvvwJsjyfw==",
      "requires": {
        "@pixi/core": "5.4.0-rc.3",
        "@pixi/display": "5.4.0-rc.3"
      }
    },
    "@pixi/compressed-textures": {
      "version": "5.4.0-rc.3",
      "resolved": "https://registry.npmjs.org/@pixi/compressed-textures/-/compressed-textures-5.4.0-rc.3.tgz",
      "integrity": "sha512-RlgOLWbBwE4W7gIgIHQETJa9l2wvf7rDG58wv/jgWcdaD78W2r7tb/YxSqGsEOGWfCG/lLkNdj5LBLZKvpCwMA==",
      "requires": {
        "@pixi/constants": "5.4.0-rc.3",
        "@pixi/core": "5.4.0-rc.3",
        "@pixi/loaders": "5.4.0-rc.3"
      }
    },
    "@pixi/constants": {
      "version": "5.4.0-rc.3",
      "resolved": "https://registry.npmjs.org/@pixi/constants/-/constants-5.4.0-rc.3.tgz",
      "integrity": "sha512-88A8qz0HGcMHpNMqO+h2X9OJZnbaI7u/MevySRlr1Q9MW8rOndoodBIf+RBs2pmFJpyBt1jNfETs2nFWGd5RQg=="
    },
    "@pixi/core": {
      "version": "5.4.0-rc.3",
      "resolved": "https://registry.npmjs.org/@pixi/core/-/core-5.4.0-rc.3.tgz",
      "integrity": "sha512-qtRY6/EpzkAlUq5kDT0Frj1ezJfE6t4Wy5pN7A3QbfvQZK4IOLn2nUMh1ZVOooukWESEg3b5zqkrzjK1kHLx0g==",
      "requires": {
        "@pixi/constants": "5.4.0-rc.3",
        "@pixi/math": "5.4.0-rc.3",
        "@pixi/runner": "5.4.0-rc.3",
        "@pixi/settings": "5.4.0-rc.3",
        "@pixi/ticker": "5.4.0-rc.3",
        "@pixi/utils": "5.4.0-rc.3"
      }
    },
    "@pixi/display": {
      "version": "5.4.0-rc.3",
      "resolved": "https://registry.npmjs.org/@pixi/display/-/display-5.4.0-rc.3.tgz",
      "integrity": "sha512-0e4RElsHMPj+2sAm1A4NwNpXWrUF2Tn3BQMu5WH0YUSP+sT6I4s09kV4rMPobpjNQuL/zKc1RtpSwhHzVmZmgg==",
      "requires": {
        "@pixi/math": "5.4.0-rc.3",
        "@pixi/settings": "5.4.0-rc.3",
        "@pixi/utils": "5.4.0-rc.3"
      }
    },
    "@pixi/extract": {
      "version": "5.4.0-rc.3",
      "resolved": "https://registry.npmjs.org/@pixi/extract/-/extract-5.4.0-rc.3.tgz",
      "integrity": "sha512-wevyluZTwrVCqFeiwjSKgcpT7XuLDB0/jtJ77MzPghpWOlGPtKTfRo5Z8PFDlLHQLudhbZjOcrEFHZQo2RvDcQ==",
      "requires": {
        "@pixi/core": "5.4.0-rc.3",
        "@pixi/math": "5.4.0-rc.3",
        "@pixi/utils": "5.4.0-rc.3"
      }
    },
    "@pixi/filter-alpha": {
      "version": "5.4.0-rc.3",
      "resolved": "https://registry.npmjs.org/@pixi/filter-alpha/-/filter-alpha-5.4.0-rc.3.tgz",
      "integrity": "sha512-5nS2R08mbPRuFwAc0x0Ja/vjBt6eYxjPObT+Rtplm+bGidd4KC4MPbQUuZ6zjauWxdDDSnj95Lt5x1iOHahnxA==",
      "requires": {
        "@pixi/core": "5.4.0-rc.3"
      }
    },
    "@pixi/filter-blur": {
      "version": "5.4.0-rc.3",
      "resolved": "https://registry.npmjs.org/@pixi/filter-blur/-/filter-blur-5.4.0-rc.3.tgz",
      "integrity": "sha512-F6FY3vkyVYlAIe8WdOIFxCqVHSKpDTiO7o7ZLFDnb21CHyjkahSMu6gTXYi9I7Eqd8qvNt0N1fuhMv/eaIfSag==",
      "requires": {
        "@pixi/core": "5.4.0-rc.3",
        "@pixi/settings": "5.4.0-rc.3"
      }
    },
    "@pixi/filter-color-matrix": {
      "version": "5.4.0-rc.3",
      "resolved": "https://registry.npmjs.org/@pixi/filter-color-matrix/-/filter-color-matrix-5.4.0-rc.3.tgz",
      "integrity": "sha512-NW2tfvOIWfu5E+2yW+eSZfJCSfdUgGHAhn2IxFdQdmaam1R+EMBJsu7QBt2VoAsNJlC+IIsOOfoIu1lIXAfaCQ==",
      "requires": {
        "@pixi/core": "5.4.0-rc.3"
      }
    },
    "@pixi/filter-displacement": {
      "version": "5.4.0-rc.3",
      "resolved": "https://registry.npmjs.org/@pixi/filter-displacement/-/filter-displacement-5.4.0-rc.3.tgz",
      "integrity": "sha512-Y7SgcoHWTwVMe4dg+ZyVdyZwYJGO5XJgbcV25LHxVzRO4SrTSXXZ/zOIm/Bdo/QYQSfLvqSSu42ejzLuRvSAyA==",
      "requires": {
        "@pixi/core": "5.4.0-rc.3",
        "@pixi/math": "5.4.0-rc.3"
      }
    },
    "@pixi/filter-fxaa": {
      "version": "5.4.0-rc.3",
      "resolved": "https://registry.npmjs.org/@pixi/filter-fxaa/-/filter-fxaa-5.4.0-rc.3.tgz",
      "integrity": "sha512-2kgxNIMzHlITVqx3tb5bCS7qF9C31zvjI3Q/RgVB/qe+gIe0L+bqM+gK/TgdW04zC6qMK9bQFOFJ72Ox7q07iQ==",
      "requires": {
        "@pixi/core": "5.4.0-rc.3"
      }
    },
    "@pixi/filter-noise": {
      "version": "5.4.0-rc.3",
      "resolved": "https://registry.npmjs.org/@pixi/filter-noise/-/filter-noise-5.4.0-rc.3.tgz",
      "integrity": "sha512-xwcl2EBNY3tr3FrFLxnwhqNEEuttINnoCtdpbiYB1Ya2jPakSuKRMwIM0DnogUk3nrshR/72hGD1GiBIjehIjQ==",
      "requires": {
        "@pixi/core": "5.4.0-rc.3"
      }
    },
    "@pixi/graphics": {
      "version": "5.4.0-rc.3",
      "resolved": "https://registry.npmjs.org/@pixi/graphics/-/graphics-5.4.0-rc.3.tgz",
      "integrity": "sha512-pfNOxrSXtQ1XA9fGy3WD8VzhrU8iQ4kkANTd0+NUoaKIyaGmouFfsrNKNm3nlqdhpHCmMWfrYIMXVStV20U6Vw==",
      "requires": {
        "@pixi/constants": "5.4.0-rc.3",
        "@pixi/core": "5.4.0-rc.3",
        "@pixi/display": "5.4.0-rc.3",
        "@pixi/math": "5.4.0-rc.3",
        "@pixi/sprite": "5.4.0-rc.3",
        "@pixi/utils": "5.4.0-rc.3"
      }
    },
    "@pixi/interaction": {
      "version": "5.4.0-rc.3",
      "resolved": "https://registry.npmjs.org/@pixi/interaction/-/interaction-5.4.0-rc.3.tgz",
      "integrity": "sha512-5QVwZ/kQywF+nmCDvLqOiW3wcv9/uueadTFnoxPAI2TZFK9npd2pEJc02tc3zhntelPtvELFT8Rob8Ux4tUMyg==",
      "requires": {
        "@pixi/core": "5.4.0-rc.3",
        "@pixi/display": "5.4.0-rc.3",
        "@pixi/math": "5.4.0-rc.3",
        "@pixi/ticker": "5.4.0-rc.3",
        "@pixi/utils": "5.4.0-rc.3"
      }
    },
    "@pixi/loaders": {
      "version": "5.4.0-rc.3",
      "resolved": "https://registry.npmjs.org/@pixi/loaders/-/loaders-5.4.0-rc.3.tgz",
      "integrity": "sha512-c2tA7o/QTdhFBz5HmT+gYwEZRJBHNbQ//Dmz30CzbXyBza+tpS3HI/c1UJWqo83jhj7fC2hMKaqCW3TU1se3qw==",
      "requires": {
        "@pixi/constants": "5.4.0-rc.3",
        "@pixi/core": "5.4.0-rc.3",
        "@pixi/utils": "5.4.0-rc.3",
        "resource-loader": "^3.0.1"
      }
    },
    "@pixi/math": {
      "version": "5.4.0-rc.3",
      "resolved": "https://registry.npmjs.org/@pixi/math/-/math-5.4.0-rc.3.tgz",
      "integrity": "sha512-lwsW45y8jaR6VY20tFYAhTRha62rmtarEbR5RBk4qUIyXgXm0e2LRoerx82uboyvF0ieyhWSnFBvjWLWFuol/Q=="
    },
    "@pixi/mesh": {
      "version": "5.4.0-rc.3",
      "resolved": "https://registry.npmjs.org/@pixi/mesh/-/mesh-5.4.0-rc.3.tgz",
      "integrity": "sha512-bzBarR2MIFZP2MVDAgVYjEOKEsS9NkbNrOWQYj5IAD/IIKGzloVR8oNs/js/5GTlIvkzqMIP4vVBVflAdYonlw==",
      "requires": {
        "@pixi/constants": "5.4.0-rc.3",
        "@pixi/core": "5.4.0-rc.3",
        "@pixi/display": "5.4.0-rc.3",
        "@pixi/math": "5.4.0-rc.3",
        "@pixi/settings": "5.4.0-rc.3",
        "@pixi/utils": "5.4.0-rc.3"
      }
    },
    "@pixi/mesh-extras": {
      "version": "5.4.0-rc.3",
      "resolved": "https://registry.npmjs.org/@pixi/mesh-extras/-/mesh-extras-5.4.0-rc.3.tgz",
      "integrity": "sha512-4YYn2cmhvuzJuispaaUjWLft1n7PoUur/1BLUG79mUqPM/7oE75JfY2dkNd/c0WcLOdCZ+Qxn+mb6oSQS2oPdA==",
      "requires": {
        "@pixi/constants": "5.4.0-rc.3",
        "@pixi/core": "5.4.0-rc.3",
        "@pixi/math": "5.4.0-rc.3",
        "@pixi/mesh": "5.4.0-rc.3",
        "@pixi/utils": "5.4.0-rc.3"
      }
    },
    "@pixi/mixin-cache-as-bitmap": {
      "version": "5.4.0-rc.3",
      "resolved": "https://registry.npmjs.org/@pixi/mixin-cache-as-bitmap/-/mixin-cache-as-bitmap-5.4.0-rc.3.tgz",
      "integrity": "sha512-dCQnA4Kf1I42hqfRiSalbUcgeiLB51h0wvxcjftPYcs3n0ZYJ4vmUZ3q7J+RXDCUkcBj+A9qMm1auBesgmpp4w==",
      "requires": {
        "@pixi/core": "5.4.0-rc.3",
        "@pixi/display": "5.4.0-rc.3",
        "@pixi/math": "5.4.0-rc.3",
        "@pixi/settings": "5.4.0-rc.3",
        "@pixi/sprite": "5.4.0-rc.3",
        "@pixi/utils": "5.4.0-rc.3"
      }
    },
    "@pixi/mixin-get-child-by-name": {
      "version": "5.4.0-rc.3",
      "resolved": "https://registry.npmjs.org/@pixi/mixin-get-child-by-name/-/mixin-get-child-by-name-5.4.0-rc.3.tgz",
      "integrity": "sha512-M8ypn9xfEImbriyrn8HZ+u+PkA2OFdZa3D2HGM7rXj/ee89XskBp6kvuHdhJ5HU/EGuBEqYhwSpipzKsOUPdRw==",
      "requires": {
        "@pixi/display": "5.4.0-rc.3"
      }
    },
    "@pixi/mixin-get-global-position": {
      "version": "5.4.0-rc.3",
      "resolved": "https://registry.npmjs.org/@pixi/mixin-get-global-position/-/mixin-get-global-position-5.4.0-rc.3.tgz",
      "integrity": "sha512-JDr76UpGqYAe9kTHxTeae8Z88vwpk1Uog5ORTIQ/SLEM5v1Gxndg9hmUxXLByl0voY0w+6zfKhGe34tcrqPuNw==",
      "requires": {
        "@pixi/display": "5.4.0-rc.3",
        "@pixi/math": "5.4.0-rc.3"
      }
    },
    "@pixi/particles": {
      "version": "5.4.0-rc.3",
      "resolved": "https://registry.npmjs.org/@pixi/particles/-/particles-5.4.0-rc.3.tgz",
      "integrity": "sha512-1IPcMoDDwcicvb9g7IM/36N9XnFvYjN7M7esN27oW22JSsq9OkMZKAFSXVn6SKUbMLiyLKx4mNtIGWnnYql5/Q==",
      "requires": {
        "@pixi/constants": "5.4.0-rc.3",
        "@pixi/core": "5.4.0-rc.3",
        "@pixi/display": "5.4.0-rc.3",
        "@pixi/math": "5.4.0-rc.3",
        "@pixi/utils": "5.4.0-rc.3"
      }
    },
    "@pixi/polyfill": {
      "version": "5.4.0-rc.3",
      "resolved": "https://registry.npmjs.org/@pixi/polyfill/-/polyfill-5.4.0-rc.3.tgz",
      "integrity": "sha512-JpXX3WaHXoQfKoXjKxxrgINR92faVZNdw79KcjcEP6HURptkdAisTadtaPHY657xyzd87q3jBdN9H+/npIxTgQ==",
      "requires": {
        "object-assign": "^4.1.1",
        "promise-polyfill": "^8.2.0"
      }
    },
    "@pixi/prepare": {
      "version": "5.4.0-rc.3",
      "resolved": "https://registry.npmjs.org/@pixi/prepare/-/prepare-5.4.0-rc.3.tgz",
      "integrity": "sha512-u5kceVVeQt4AQCDxh+wDXuqTIirG4NGLdKB5NCasydx6b4c9wDQM1ADaLJUilrSUCGLq8b3AD795xjyfLgrKag==",
      "requires": {
        "@pixi/core": "5.4.0-rc.3",
        "@pixi/display": "5.4.0-rc.3",
        "@pixi/graphics": "5.4.0-rc.3",
        "@pixi/settings": "5.4.0-rc.3",
        "@pixi/text": "5.4.0-rc.3",
        "@pixi/ticker": "5.4.0-rc.3"
      }
    },
    "@pixi/runner": {
      "version": "5.4.0-rc.3",
      "resolved": "https://registry.npmjs.org/@pixi/runner/-/runner-5.4.0-rc.3.tgz",
      "integrity": "sha512-JfIFJ5axVKTTwZqZBllKrXg2+n7cZBijH/f6ozydK7ssRjIzBsRf1Y+HT0vCUz8hnweXME6ZQVzFl2ObcKn1GA=="
    },
    "@pixi/settings": {
      "version": "5.4.0-rc.3",
      "resolved": "https://registry.npmjs.org/@pixi/settings/-/settings-5.4.0-rc.3.tgz",
      "integrity": "sha512-P5QpvxTjabvscbYljFpQQa0abYyQ8b2HYWbfvfM4OHuG55BWtw2VjvlFtwtf7Wxg07akNHT5c/X+o2uR/sVJuA==",
      "requires": {
        "ismobilejs": "^1.1.0"
      }
    },
    "@pixi/sprite": {
      "version": "5.4.0-rc.3",
      "resolved": "https://registry.npmjs.org/@pixi/sprite/-/sprite-5.4.0-rc.3.tgz",
      "integrity": "sha512-3Q3nqL1LLExjR0GiEAzp511y1N01Z8RrfIcE3kgQ/wNOO0OT0QcZPgq3SOzJIqOobsDOUEAZ7o57d+iMXHesgg==",
      "requires": {
        "@pixi/constants": "5.4.0-rc.3",
        "@pixi/core": "5.4.0-rc.3",
        "@pixi/display": "5.4.0-rc.3",
        "@pixi/math": "5.4.0-rc.3",
        "@pixi/settings": "5.4.0-rc.3",
        "@pixi/utils": "5.4.0-rc.3"
      }
    },
    "@pixi/sprite-animated": {
      "version": "5.4.0-rc.3",
      "resolved": "https://registry.npmjs.org/@pixi/sprite-animated/-/sprite-animated-5.4.0-rc.3.tgz",
      "integrity": "sha512-iJ66jYnAP94NBts8q+EjGgs7V03TB4HsBTFd0bqw9IgE3iweR4fQY3qZ/hapfu+eNz8Y5kGX+UdhIsus/JH0lA==",
      "requires": {
        "@pixi/core": "5.4.0-rc.3",
        "@pixi/sprite": "5.4.0-rc.3",
        "@pixi/ticker": "5.4.0-rc.3"
      }
    },
    "@pixi/sprite-tiling": {
      "version": "5.4.0-rc.3",
      "resolved": "https://registry.npmjs.org/@pixi/sprite-tiling/-/sprite-tiling-5.4.0-rc.3.tgz",
      "integrity": "sha512-TrQ+v0c3RtTwsIwOJACmpMetAK1pc6v17tWeoZ2d6xdJEZD9O1a0xtnK4WPWgglBvEW5x4i+FoMZs3IrAGHr6A==",
      "requires": {
        "@pixi/constants": "5.4.0-rc.3",
        "@pixi/core": "5.4.0-rc.3",
        "@pixi/display": "5.4.0-rc.3",
        "@pixi/math": "5.4.0-rc.3",
        "@pixi/sprite": "5.4.0-rc.3",
        "@pixi/utils": "5.4.0-rc.3"
      }
    },
    "@pixi/spritesheet": {
      "version": "5.4.0-rc.3",
      "resolved": "https://registry.npmjs.org/@pixi/spritesheet/-/spritesheet-5.4.0-rc.3.tgz",
      "integrity": "sha512-lwDpHmexLwtiro0zb9DEQt8NSpytRsarEXORcZuioH5lyGD/ygJxSIgnMbK4xlBcCG9FjNGi3oOUSYm2T+l+7g==",
      "requires": {
        "@pixi/core": "5.4.0-rc.3",
        "@pixi/loaders": "5.4.0-rc.3",
        "@pixi/math": "5.4.0-rc.3",
        "@pixi/utils": "5.4.0-rc.3"
      }
    },
    "@pixi/text": {
      "version": "5.4.0-rc.3",
      "resolved": "https://registry.npmjs.org/@pixi/text/-/text-5.4.0-rc.3.tgz",
      "integrity": "sha512-/nv7Z3DnQpvPC3KlkMRSJRvYyjg02odpAFrSSu8/1HjTmIa+23scYTdeRA3kZdFkjd3+qvuBNuhlfmoYq0Fz7A==",
      "requires": {
        "@pixi/core": "5.4.0-rc.3",
        "@pixi/math": "5.4.0-rc.3",
        "@pixi/settings": "5.4.0-rc.3",
        "@pixi/sprite": "5.4.0-rc.3",
        "@pixi/utils": "5.4.0-rc.3"
      }
    },
    "@pixi/text-bitmap": {
      "version": "5.4.0-rc.3",
      "resolved": "https://registry.npmjs.org/@pixi/text-bitmap/-/text-bitmap-5.4.0-rc.3.tgz",
      "integrity": "sha512-wIkptZ1W9NM6KAHSroTZzRdNltJBtR4jMITqpVPPtbtT7zAdMbBm7mZgpDtxSXlAjset77LUCLy+zyfdEYjy0g==",
      "requires": {
        "@pixi/core": "5.4.0-rc.3",
        "@pixi/display": "5.4.0-rc.3",
        "@pixi/loaders": "5.4.0-rc.3",
        "@pixi/math": "5.4.0-rc.3",
        "@pixi/mesh": "5.4.0-rc.3",
        "@pixi/settings": "5.4.0-rc.3",
        "@pixi/text": "5.4.0-rc.3",
        "@pixi/utils": "5.4.0-rc.3"
      }
    },
    "@pixi/ticker": {
      "version": "5.4.0-rc.3",
      "resolved": "https://registry.npmjs.org/@pixi/ticker/-/ticker-5.4.0-rc.3.tgz",
      "integrity": "sha512-TeU9vzzdOG1Io79pp+spopQpXHuFSYjntRcyBvUb9iQueAO7z2JQx6zA1O+A8axe62AS9+R5LcpA0EfoptxgsA==",
      "requires": {
        "@pixi/settings": "5.4.0-rc.3"
      }
    },
    "@pixi/utils": {
      "version": "5.4.0-rc.3",
      "resolved": "https://registry.npmjs.org/@pixi/utils/-/utils-5.4.0-rc.3.tgz",
      "integrity": "sha512-BtvswTnJqPLqAHxONeqEifMjXphNFNij3bBX0XzDqJ7bN4ZeR14JIgc21yWM4582nCwe6D31zmCuwDA61zoNWQ==",
      "requires": {
        "@pixi/constants": "5.4.0-rc.3",
        "@pixi/settings": "5.4.0-rc.3",
        "@types/earcut": "^2.1.0",
        "css-color-names": "^1.0.1",
        "earcut": "^2.2.2",
        "eventemitter3": "^3.1.0",
        "url": "^0.11.0"
      }
    },
    "@types/earcut": {
      "version": "2.1.1",
      "resolved": "https://registry.npmjs.org/@types/earcut/-/earcut-2.1.1.tgz",
      "integrity": "sha512-w8oigUCDjElRHRRrMvn/spybSMyX8MTkKA5Dv+tS1IE/TgmNZPqUYtvYBXGY8cieSE66gm+szeK+bnbxC2xHTQ=="
    },
    "@types/mathjs": {
      "version": "6.0.9",
      "resolved": "https://registry.npmjs.org/@types/mathjs/-/mathjs-6.0.9.tgz",
      "integrity": "sha512-u93l9ZU0DhbT+gGtrP12/jPhx/X2eshLiv1if97qC7Nuld4/kxS+1WoyIM7NC5b5XiwvATWDTHsI8LvcPBWxcA==",
      "requires": {
        "decimal.js": "^10.0.0"
      }
    },
    "complex.js": {
      "version": "2.0.11",
      "resolved": "https://registry.npmjs.org/complex.js/-/complex.js-2.0.11.tgz",
      "integrity": "sha512-6IArJLApNtdg1P1dFtn3dnyzoZBEF0MwMnrfF1exSBRpZYoy4yieMkpZhQDC0uwctw48vii0CFVyHfpgZ/DfGw=="
    },
    "css-color-names": {
      "version": "1.0.1",
      "resolved": "https://registry.npmjs.org/css-color-names/-/css-color-names-1.0.1.tgz",
      "integrity": "sha512-/loXYOch1qU1biStIFsHH8SxTmOseh1IJqFvy8IujXOm1h+QjUdDhkzOrR5HG8K8mlxREj0yfi8ewCHx0eMxzA=="
    },
    "decimal.js": {
      "version": "10.2.1",
      "resolved": "https://registry.npmjs.org/decimal.js/-/decimal.js-10.2.1.tgz",
      "integrity": "sha512-KaL7+6Fw6i5A2XSnsbhm/6B+NuEA7TZ4vqxnd5tXz9sbKtrN9Srj8ab4vKVdK8YAqZO9P1kg45Y6YLoduPf+kw=="
    },
    "earcut": {
      "version": "2.2.2",
      "resolved": "https://registry.npmjs.org/earcut/-/earcut-2.2.2.tgz",
      "integrity": "sha512-eZoZPPJcUHnfRZ0PjLvx2qBordSiO8ofC3vt+qACLM95u+4DovnbYNpQtJh0DNsWj8RnxrQytD4WA8gj5cRIaQ=="
    },
    "escape-latex": {
      "version": "1.2.0",
      "resolved": "https://registry.npmjs.org/escape-latex/-/escape-latex-1.2.0.tgz",
      "integrity": "sha512-nV5aVWW1K0wEiUIEdZ4erkGGH8mDxGyxSeqPzRNtWP7ataw+/olFObw7hujFWlVjNsaDFw5VZ5NzVSIqRgfTiw=="
    },
    "eventemitter3": {
      "version": "3.1.2",
      "resolved": "https://registry.npmjs.org/eventemitter3/-/eventemitter3-3.1.2.tgz",
      "integrity": "sha512-tvtQIeLVHjDkJYnzf2dgVMxfuSGJeM/7UCG17TT4EumTfNtF+0nebF/4zWOIkCreAbtNqhGEboB6BWrwqNaw4Q=="
    },
    "fraction.js": {
      "version": "4.0.12",
      "resolved": "https://registry.npmjs.org/fraction.js/-/fraction.js-4.0.12.tgz",
      "integrity": "sha512-8Z1K0VTG4hzYY7kA/1sj4/r1/RWLBD3xwReT/RCrUCbzPszjNQCCsy3ktkU/eaEqX3MYa4pY37a52eiBlPMlhA=="
    },
    "ismobilejs": {
      "version": "1.1.1",
      "resolved": "https://registry.npmjs.org/ismobilejs/-/ismobilejs-1.1.1.tgz",
      "integrity": "sha512-VaFW53yt8QO61k2WJui0dHf4SlL8lxBofUuUmwBo0ljPk0Drz2TiuDW4jo3wDcv41qy/SxrJ+VAzJ/qYqsmzRw=="
    },
    "javascript-natural-sort": {
      "version": "0.7.1",
      "resolved": "https://registry.npmjs.org/javascript-natural-sort/-/javascript-natural-sort-0.7.1.tgz",
      "integrity": "sha1-+eIwPUUH9tdDVac2ZNFED7Wg71k="
    },
    "mathjs": {
      "version": "8.1.0",
      "resolved": "https://registry.npmjs.org/mathjs/-/mathjs-8.1.0.tgz",
      "integrity": "sha512-Nf41Ms01FX+gP1xnJ5lWcGwMY/snFdqbYPe0LU16rXtLwk+UPfllKC6rStOuOqiPKwj5imJtkHO1vI8X4Y2aSw==",
      "requires": {
        "complex.js": "^2.0.11",
        "decimal.js": "^10.2.1",
        "escape-latex": "^1.2.0",
        "fraction.js": "^4.0.12",
        "javascript-natural-sort": "^0.7.1",
        "seedrandom": "^3.0.5",
        "tiny-emitter": "^2.1.0",
        "typed-function": "^2.0.0"
      }
    },
    "mini-signals": {
      "version": "1.2.0",
      "resolved": "https://registry.npmjs.org/mini-signals/-/mini-signals-1.2.0.tgz",
      "integrity": "sha1-RbCAE8X65RokqhqTXNMXye1yHXQ="
    },
    "object-assign": {
      "version": "4.1.1",
      "resolved": "https://registry.npmjs.org/object-assign/-/object-assign-4.1.1.tgz",
      "integrity": "sha1-IQmtx5ZYh8/AXLvUQsrIv7s2CGM="
    },
    "parse-uri": {
      "version": "1.0.3",
      "resolved": "https://registry.npmjs.org/parse-uri/-/parse-uri-1.0.3.tgz",
      "integrity": "sha512-upMnGxNcm+45So85HoguwZTVZI9u11i36DdxJfGF2HYWS2eh3TIx7+/tTi7qrEq15qzGkVhsKjesau+kCk48pA=="
    },
    "pixi.js": {
      "version": "5.4.0-rc.3",
      "resolved": "https://registry.npmjs.org/pixi.js/-/pixi.js-5.4.0-rc.3.tgz",
      "integrity": "sha512-XWSkiboUfOLPo/K4GsNi6dV3+syAABIezRTNtdQFOqedWjJUC6hktMQyROHrfQjAEK03EYgko0hLxQd2gwWstQ==",
      "requires": {
        "@pixi/accessibility": "5.4.0-rc.3",
        "@pixi/app": "5.4.0-rc.3",
        "@pixi/compressed-textures": "5.4.0-rc.3",
        "@pixi/constants": "5.4.0-rc.3",
        "@pixi/core": "5.4.0-rc.3",
        "@pixi/display": "5.4.0-rc.3",
        "@pixi/extract": "5.4.0-rc.3",
        "@pixi/filter-alpha": "5.4.0-rc.3",
        "@pixi/filter-blur": "5.4.0-rc.3",
        "@pixi/filter-color-matrix": "5.4.0-rc.3",
        "@pixi/filter-displacement": "5.4.0-rc.3",
        "@pixi/filter-fxaa": "5.4.0-rc.3",
        "@pixi/filter-noise": "5.4.0-rc.3",
        "@pixi/graphics": "5.4.0-rc.3",
        "@pixi/interaction": "5.4.0-rc.3",
        "@pixi/loaders": "5.4.0-rc.3",
        "@pixi/math": "5.4.0-rc.3",
        "@pixi/mesh": "5.4.0-rc.3",
        "@pixi/mesh-extras": "5.4.0-rc.3",
        "@pixi/mixin-cache-as-bitmap": "5.4.0-rc.3",
        "@pixi/mixin-get-child-by-name": "5.4.0-rc.3",
        "@pixi/mixin-get-global-position": "5.4.0-rc.3",
        "@pixi/particles": "5.4.0-rc.3",
        "@pixi/polyfill": "5.4.0-rc.3",
        "@pixi/prepare": "5.4.0-rc.3",
        "@pixi/runner": "5.4.0-rc.3",
        "@pixi/settings": "5.4.0-rc.3",
        "@pixi/sprite": "5.4.0-rc.3",
        "@pixi/sprite-animated": "5.4.0-rc.3",
        "@pixi/sprite-tiling": "5.4.0-rc.3",
        "@pixi/spritesheet": "5.4.0-rc.3",
        "@pixi/text": "5.4.0-rc.3",
        "@pixi/text-bitmap": "5.4.0-rc.3",
        "@pixi/ticker": "5.4.0-rc.3",
        "@pixi/utils": "5.4.0-rc.3"
      }
    },
    "promise-polyfill": {
      "version": "8.2.0",
      "resolved": "https://registry.npmjs.org/promise-polyfill/-/promise-polyfill-8.2.0.tgz",
      "integrity": "sha512-k/TC0mIcPVF6yHhUvwAp7cvL6I2fFV7TzF1DuGPI8mBh4QQazf36xCKEHKTZKRysEoTQoQdKyP25J8MPJp7j5g=="
    },
    "punycode": {
      "version": "1.3.2",
      "resolved": "https://registry.npmjs.org/punycode/-/punycode-1.3.2.tgz",
      "integrity": "sha1-llOgNvt8HuQjQvIyXM7v6jkmxI0="
    },
    "querystring": {
      "version": "0.2.0",
      "resolved": "https://registry.npmjs.org/querystring/-/querystring-0.2.0.tgz",
      "integrity": "sha1-sgmEkgO7Jd+CDadW50cAWHhSFiA="
    },
    "resource-loader": {
      "version": "3.0.1",
      "resolved": "https://registry.npmjs.org/resource-loader/-/resource-loader-3.0.1.tgz",
      "integrity": "sha512-fBuCRbEHdLCI1eglzQhUv9Rrdcmqkydr1r6uHE2cYHvRBrcLXeSmbE/qI/urFt8rPr/IGxir3BUwM5kUK8XoyA==",
      "requires": {
        "mini-signals": "^1.2.0",
        "parse-uri": "^1.0.0"
      }
    },
    "seedrandom": {
      "version": "3.0.5",
      "resolved": "https://registry.npmjs.org/seedrandom/-/seedrandom-3.0.5.tgz",
      "integrity": "sha512-8OwmbklUNzwezjGInmZ+2clQmExQPvomqjL7LFqOYqtmuxRgQYqOD3mHaU+MvZn5FLUeVxVfQjwLZW/n/JFuqg=="
    },
    "tiny-emitter": {
      "version": "2.1.0",
      "resolved": "https://registry.npmjs.org/tiny-emitter/-/tiny-emitter-2.1.0.tgz",
      "integrity": "sha512-NB6Dk1A9xgQPMoGqC5CVXn123gWyte215ONT5Pp5a0yt4nlEoO1ZWeCwpncaekPHXO60i47ihFnZPiRPjRMq4Q=="
    },
    "typed-function": {
      "version": "2.0.0",
      "resolved": "https://registry.npmjs.org/typed-function/-/typed-function-2.0.0.tgz",
      "integrity": "sha512-Hhy1Iwo/e4AtLZNK10ewVVcP2UEs408DS35ubP825w/YgSBK1KVLwALvvIG4yX75QJrxjCpcWkzkVRB0BwwYlA=="
    },
    "url": {
      "version": "0.11.0",
      "resolved": "https://registry.npmjs.org/url/-/url-0.11.0.tgz",
      "integrity": "sha1-ODjpfPxgUh63PFJajlW/3Z4uKPE=",
      "requires": {
        "punycode": "1.3.2",
        "querystring": "0.2.0"
      }
    }
  }
}
